{
  "name": "RimComputers",
  "lockfileVersion": 3,
  "requires": true,
  "packages": {
    "": {
      "dependencies": {
        "openclaude": "^0.0.1"
      }
    },
    "node_modules/openclaude": {
      "version": "0.0.1",
      "resolved": "https://registry.npmjs.org/openclaude/-/openclaude-0.0.1.tgz",
      "integrity": "sha512-0Pud4LEW088vfcbMoOHLfTX6jc2BgIIUybwPXduCp0LrBoUaIo6r6h4rwfnHFq2ZeEk2+ULnURtbWV9Y7wswVQ==",
      "license": "MIT"
    }
  }
}
