
Microsoft Visual Studio Solution File, Format Version 12.00
# Visual Studio Version 17
VisualStudioVersion = 17.14.37203.1 d17.14
MinimumVisualStudioVersion = 10.0.40219.1
Project("{FAE04EC0-301F-11D3-BF4B-00C04F79EFBC}") = "RimComputers", "RimComputers.csproj", "{7B448280-2C09-4B96-62A0-2C2663757802}"
EndProject
Global
	GlobalSection(SolutionConfigurationPlatforms) = preSolution
		Debug|Any CPU = Debug|Any CPU
		Release|Any CPU = Release|Any CPU
	EndGlobalSection
	GlobalSection(ProjectConfigurationPlatforms) = postSolution
		{7B448280-2C09-4B96-62A0-2C2663757802}.Debug|Any CPU.ActiveCfg = Debug|Any CPU
		{7B448280-2C09-4B96-62A0-2C2663757802}.Debug|Any CPU.Build.0 = Debug|Any CPU
		{7B448280-2C09-4B96-62A0-2C2663757802}.Release|Any CPU.ActiveCfg = Release|Any CPU
		{7B448280-2C09-4B96-62A0-2C2663757802}.Release|Any CPU.Build.0 = Release|Any CPU
	EndGlobalSection
	GlobalSection(SolutionProperties) = preSolution
		HideSolutionNode = FALSE
	EndGlobalSection
	GlobalSection(ExtensibilityGlobals) = postSolution
		SolutionGuid = {04EEED32-D2EA-40B4-B71D-3840CC010481}
	EndGlobalSection
EndGlobal
